github.com/frjo/hugo-theme-zen/v3 v3.6.0 h1:EH+J9jn+yWQjbI5eu/e5otBnL86AfLgAe4aClpXQfuY=
github.com/frjo/hugo-theme-zen/v3 v3.6.0/go.mod h1:hwFwwEwrOoL2Z8t11M3jqQyr0yOp7tpBRnp58S6gPYk=
github.com/frjo/hugo-theme-zen/v3 v3.7.0 h1:VJd+P5Rf4QdETgn3BDU8YAYIfTYSIj3LpbxM2/taOCY=
github.com/frjo/hugo-theme-zen/v3 v3.7.0/go.mod h1:hwFwwEwrOoL2Z8t11M3jqQyr0yOp7tpBRnp58S6gPYk=
github.com/frjo/hugo-theme-zen/v3 v3.7.1 h1:HVjTckIkIXaNZi5pgZ7MFA6WWHCFikSW+a3BIs1ofQk=
github.com/frjo/hugo-theme-zen/v3 v3.7.1/go.mod h1:hwFwwEwrOoL2Z8t11M3jqQyr0yOp7tpBRnp58S6gPYk=
github.com/frjo/hugo-theme-zen/v3 v3.8.0 h1:ETo8FWAoRxXVmIgqVb0FuYoAXmtIA5sZYyE23rXagdM=
github.com/frjo/hugo-theme-zen/v3 v3.8.0/go.mod h1:hwFwwEwrOoL2Z8t11M3jqQyr0yOp7tpBRnp58S6gPYk=
github.com/frjo/hugo-theme-zen/v3 v3.9.0 h1:oUL2110My8dtwlthr25zMLP8ILLm4II2AxbYn3ix098=
github.com/frjo/hugo-theme-zen/v3 v3.9.0/go.mod h1:hwFwwEwrOoL2Z8t11M3jqQyr0yOp7tpBRnp58S6gPYk=
